
Microsoft Visual Studio Solution File, Format Version 12.00
# Visual Studio Version 17
VisualStudioVersion = 17.14.36127.28 d17.14
MinimumVisualStudioVersion = 10.0.40219.1
Project("{FAE04EC0-301F-11D3-BF4B-00C04F79EFBC}") = "Task.Manager", "Task.Manager\Task.Manager.csproj", "{4617AFFC-9A29-41E9-9518-CF786EF42F24}"
EndProject
Project("{FAE04EC0-301F-11D3-BF4B-00C04F79EFBC}") = "TaskManager.Entity", "TaskManager.Entity\TaskManager.Entity.csproj", "{3703FCAB-2775-4ABB-B57C-2B96DF5A5A4D}"
EndProject
Project("{FAE04EC0-301F-11D3-BF4B-00C04F79EFBC}") = "TaskManager.Service", "TaskManager.Service\TaskManager.Service.csproj", "{872B6685-B123-4D10-8E79-7B1CB54E130A}"
EndProject
Global
	GlobalSection(SolutionConfigurationPlatforms) = preSolution
		Debug|Any CPU = Debug|Any CPU
		Release|Any CPU = Release|Any CPU
	EndGlobalSection
	GlobalSection(ProjectConfigurationPlatforms) = postSolution
		{4617AFFC-9A29-41E9-9518-CF786EF42F24}.Debug|Any CPU.ActiveCfg = Debug|Any CPU
		{4617AFFC-9A29-41E9-9518-CF786EF42F24}.Debug|Any CPU.Build.0 = Debug|Any CPU
		{4617AFFC-9A29-41E9-9518-CF786EF42F24}.Release|Any CPU.ActiveCfg = Release|Any CPU
		{4617AFFC-9A29-41E9-9518-CF786EF42F24}.Release|Any CPU.Build.0 = Release|Any CPU
		{3703FCAB-2775-4ABB-B57C-2B96DF5A5A4D}.Debug|Any CPU.ActiveCfg = Debug|Any CPU
		{3703FCAB-2775-4ABB-B57C-2B96DF5A5A4D}.Debug|Any CPU.Build.0 = Debug|Any CPU
		{3703FCAB-2775-4ABB-B57C-2B96DF5A5A4D}.Release|Any CPU.ActiveCfg = Release|Any CPU
		{3703FCAB-2775-4ABB-B57C-2B96DF5A5A4D}.Release|Any CPU.Build.0 = Release|Any CPU
		{872B6685-B123-4D10-8E79-7B1CB54E130A}.Debug|Any CPU.ActiveCfg = Debug|Any CPU
		{872B6685-B123-4D10-8E79-7B1CB54E130A}.Debug|Any CPU.Build.0 = Debug|Any CPU
		{872B6685-B123-4D10-8E79-7B1CB54E130A}.Release|Any CPU.ActiveCfg = Release|Any CPU
		{872B6685-B123-4D10-8E79-7B1CB54E130A}.Release|Any CPU.Build.0 = Release|Any CPU
	EndGlobalSection
	GlobalSection(SolutionProperties) = preSolution
		HideSolutionNode = FALSE
	EndGlobalSection
	GlobalSection(ExtensibilityGlobals) = postSolution
		SolutionGuid = {141BE58C-ED50-40F5-A0C1-E6E138D61CD6}
	EndGlobalSection
EndGlobal
